
Microsoft Visual Studio Solution File, Format Version 12.00
# Visual Studio Version 16
VisualStudioVersion = 16.0.29509.3
MinimumVisualStudioVersion = 15.0.26124.0
Project("{2150E333-8FDC-42A3-9474-1A3956D46DE8}") = "src", "src", "{349D4CF6-B819-405B-9F2E-CB2C2FF6469C}"
EndProject
Project("{2150E333-8FDC-42A3-9474-1A3956D46DE8}") = "tests", "tests", "{89DF8BF8-48D8-4528-9BCF-4BA61213F012}"
EndProject
Project("{9A19103F-16F7-4668-BE54-9A1E7A4F7556}") = "MassTransist.DynamoDbIntegration", "src\MassTransist.DynamoDbIntegration\MassTransist.DynamoDbIntegration.csproj", "{6DC4FC28-1695-4880-AC15-E31651B1528C}"
EndProject
Project("{9A19103F-16F7-4668-BE54-9A1E7A4F7556}") = "MassTransist.DynamoDbIntegration.Tests", "tests\MassTransist.DynamoDbIntegration.Tests\MassTransist.DynamoDbIntegration.Tests.csproj", "{53830569-235D-44CD-ABDF-AF82AFA66084}"
EndProject
Project("{2150E333-8FDC-42A3-9474-1A3956D46DE8}") = "docker", "docker", "{1566EF04-95C5-4FA5-B207-AFC04EC5880C}"
EndProject
Project("{E53339B2-1760-4266-BCC7-CA923CBCF16C}") = "docker-compose", "docker\docker-compose.dcproj", "{DF34DE49-0CED-4A73-B641-F908BC6AFA0B}"
EndProject
Global
	GlobalSection(SolutionConfigurationPlatforms) = preSolution
		Debug|Any CPU = Debug|Any CPU
		Debug|x64 = Debug|x64
		Debug|x86 = Debug|x86
		Release|Any CPU = Release|Any CPU
		Release|x64 = Release|x64
		Release|x86 = Release|x86
	EndGlobalSection
	GlobalSection(ProjectConfigurationPlatforms) = postSolution
		{6DC4FC28-1695-4880-AC15-E31651B1528C}.Debug|Any CPU.ActiveCfg = Debug|Any CPU
		{6DC4FC28-1695-4880-AC15-E31651B1528C}.Debug|Any CPU.Build.0 = Debug|Any CPU
		{6DC4FC28-1695-4880-AC15-E31651B1528C}.Debug|x64.ActiveCfg = Debug|Any CPU
		{6DC4FC28-1695-4880-AC15-E31651B1528C}.Debug|x64.Build.0 = Debug|Any CPU
		{6DC4FC28-1695-4880-AC15-E31651B1528C}.Debug|x86.ActiveCfg = Debug|Any CPU
		{6DC4FC28-1695-4880-AC15-E31651B1528C}.Debug|x86.Build.0 = Debug|Any CPU
		{6DC4FC28-1695-4880-AC15-E31651B1528C}.Release|Any CPU.ActiveCfg = Release|Any CPU
		{6DC4FC28-1695-4880-AC15-E31651B1528C}.Release|Any CPU.Build.0 = Release|Any CPU
		{6DC4FC28-1695-4880-AC15-E31651B1528C}.Release|x64.ActiveCfg = Release|Any CPU
		{6DC4FC28-1695-4880-AC15-E31651B1528C}.Release|x64.Build.0 = Release|Any CPU
		{6DC4FC28-1695-4880-AC15-E31651B1528C}.Release|x86.ActiveCfg = Release|Any CPU
		{6DC4FC28-1695-4880-AC15-E31651B1528C}.Release|x86.Build.0 = Release|Any CPU
		{53830569-235D-44CD-ABDF-AF82AFA66084}.Debug|Any CPU.ActiveCfg = Debug|Any CPU
		{53830569-235D-44CD-ABDF-AF82AFA66084}.Debug|Any CPU.Build.0 = Debug|Any CPU
		{53830569-235D-44CD-ABDF-AF82AFA66084}.Debug|x64.ActiveCfg = Debug|Any CPU
		{53830569-235D-44CD-ABDF-AF82AFA66084}.Debug|x64.Build.0 = Debug|Any CPU
		{53830569-235D-44CD-ABDF-AF82AFA66084}.Debug|x86.ActiveCfg = Debug|Any CPU
		{53830569-235D-44CD-ABDF-AF82AFA66084}.Debug|x86.Build.0 = Debug|Any CPU
		{53830569-235D-44CD-ABDF-AF82AFA66084}.Release|Any CPU.ActiveCfg = Release|Any CPU
		{53830569-235D-44CD-ABDF-AF82AFA66084}.Release|Any CPU.Build.0 = Release|Any CPU
		{53830569-235D-44CD-ABDF-AF82AFA66084}.Release|x64.ActiveCfg = Release|Any CPU
		{53830569-235D-44CD-ABDF-AF82AFA66084}.Release|x64.Build.0 = Release|Any CPU
		{53830569-235D-44CD-ABDF-AF82AFA66084}.Release|x86.ActiveCfg = Release|Any CPU
		{53830569-235D-44CD-ABDF-AF82AFA66084}.Release|x86.Build.0 = Release|Any CPU
		{DF34DE49-0CED-4A73-B641-F908BC6AFA0B}.Debug|Any CPU.ActiveCfg = Debug|Any CPU
		{DF34DE49-0CED-4A73-B641-F908BC6AFA0B}.Debug|Any CPU.Build.0 = Debug|Any CPU
		{DF34DE49-0CED-4A73-B641-F908BC6AFA0B}.Debug|x64.ActiveCfg = Debug|Any CPU
		{DF34DE49-0CED-4A73-B641-F908BC6AFA0B}.Debug|x64.Build.0 = Debug|Any CPU
		{DF34DE49-0CED-4A73-B641-F908BC6AFA0B}.Debug|x86.ActiveCfg = Debug|Any CPU
		{DF34DE49-0CED-4A73-B641-F908BC6AFA0B}.Debug|x86.Build.0 = Debug|Any CPU
		{DF34DE49-0CED-4A73-B641-F908BC6AFA0B}.Release|Any CPU.ActiveCfg = Release|Any CPU
		{DF34DE49-0CED-4A73-B641-F908BC6AFA0B}.Release|Any CPU.Build.0 = Release|Any CPU
		{DF34DE49-0CED-4A73-B641-F908BC6AFA0B}.Release|x64.ActiveCfg = Release|Any CPU
		{DF34DE49-0CED-4A73-B641-F908BC6AFA0B}.Release|x64.Build.0 = Release|Any CPU
		{DF34DE49-0CED-4A73-B641-F908BC6AFA0B}.Release|x86.ActiveCfg = Release|Any CPU
		{DF34DE49-0CED-4A73-B641-F908BC6AFA0B}.Release|x86.Build.0 = Release|Any CPU
	EndGlobalSection
	GlobalSection(SolutionProperties) = preSolution
		HideSolutionNode = FALSE
	EndGlobalSection
	GlobalSection(NestedProjects) = preSolution
		{6DC4FC28-1695-4880-AC15-E31651B1528C} = {349D4CF6-B819-405B-9F2E-CB2C2FF6469C}
		{53830569-235D-44CD-ABDF-AF82AFA66084} = {89DF8BF8-48D8-4528-9BCF-4BA61213F012}
		{DF34DE49-0CED-4A73-B641-F908BC6AFA0B} = {1566EF04-95C5-4FA5-B207-AFC04EC5880C}
	EndGlobalSection
	GlobalSection(ExtensibilityGlobals) = postSolution
		SolutionGuid = {C486961A-EE5F-4AA0-9B82-95D2319EB083}
	EndGlobalSection
EndGlobal
